# This file is automatically @generated by Cargo.
# It is not intended for manual editing.
version = 4

[[package]]
name = "lazalith-boot"
version = "0.1.0"
dependencies = [
 "lazalith-cpu",
 "lazalith-devices",
 "lazalith-diagnostics",
 "lazalith-isa",
 "lazalith-machine",
 "lazalith-memory",
 "lazalith-os",
 "lazalith-toolchain",
 "lazalith-types",
]

[[package]]
name = "lazalith-c-compiler"
version = "0.1.0"
dependencies = [
 "lazalith-boot",
 "lazalith-codegen",
 "lazalith-compiler",
 "lazalith-cpu",
 "lazalith-devices",
 "lazalith-diagnostics",
 "lazalith-ir",
 "lazalith-isa",
 "lazalith-machine",
 "lazalith-memory",
 "lazalith-os",
 "lazalith-os-abi",
 "lazalith-runtime",
 "lazalith-toolchain",
 "lazalith-types",
]

[[package]]
name = "lazalith-c-runtime"
version = "0.1.0"
dependencies = [
 "lazalith-boot",
 "lazalith-c-compiler",
 "lazalith-codegen",
 "lazalith-cpu",
 "lazalith-devices",
 "lazalith-isa",
 "lazalith-os",
 "lazalith-runtime",
 "lazalith-toolchain",
 "lazalith-types",
]

[[package]]
name = "lazalith-cli"
version = "0.1.0"
dependencies = [
 "lazalith-boot",
 "lazalith-compiler",
 "lazalith-cpu",
 "lazalith-devices",
 "lazalith-isa",
 "lazalith-os",
 "lazalith-runtime",
 "lazalith-types",
]

[[package]]
name = "lazalith-codegen"
version = "0.1.0"
dependencies = [
 "lazalith-compiler",
 "lazalith-cpu",
 "lazalith-devices",
 "lazalith-ir",
 "lazalith-isa",
 "lazalith-machine",
 "lazalith-memory",
 "lazalith-os",
 "lazalith-os-abi",
 "lazalith-toolchain",
 "lazalith-types",
]

[[package]]
name = "lazalith-compiler"
version = "0.1.0"
dependencies = [
 "lazalith-diagnostics",
 "lazalith-ir",
 "lazalith-isa",
 "lazalith-os-abi",
 "lazalith-types",
]

[[package]]
name = "lazalith-cpu"
version = "0.1.0"
dependencies = [
 "lazalith-isa",
 "lazalith-types",
]

[[package]]
name = "lazalith-debug"
version = "0.1.0"
dependencies = [
 "lazalith-boot",
 "lazalith-cpu",
 "lazalith-devices",
 "lazalith-diagnostics",
 "lazalith-isa",
 "lazalith-machine",
 "lazalith-memory",
 "lazalith-os",
 "lazalith-runtime",
 "lazalith-toolchain",
 "lazalith-types",
]

[[package]]
name = "lazalith-devices"
version = "0.1.0"
dependencies = [
 "lazalith-isa",
 "lazalith-types",
]

[[package]]
name = "lazalith-diagnostics"
version = "0.1.0"
dependencies = [
 "lazalith-types",
]

[[package]]
name = "lazalith-gui"
version = "0.1.0"
dependencies = [
 "lazalith-boot",
 "lazalith-cpu",
 "lazalith-debug",
 "lazalith-devices",
 "lazalith-diagnostics",
 "lazalith-isa",
 "lazalith-os",
 "lazalith-runtime",
 "lazalith-sdl3",
 "lazalith-toolchain",
 "lazalith-types",
]

[[package]]
name = "lazalith-ir"
version = "0.1.0"
dependencies = [
 "lazalith-diagnostics",
 "lazalith-types",
]

[[package]]
name = "lazalith-isa"
version = "0.1.0"
dependencies = [
 "lazalith-diagnostics",
 "lazalith-types",
]

[[package]]
name = "lazalith-machine"
version = "0.1.0"
dependencies = [
 "lazalith-cpu",
 "lazalith-devices",
 "lazalith-diagnostics",
 "lazalith-isa",
 "lazalith-memory",
 "lazalith-types",
]

[[package]]
name = "lazalith-memory"
version = "0.1.0"
dependencies = [
 "lazalith-cpu",
 "lazalith-devices",
 "lazalith-diagnostics",
 "lazalith-isa",
 "lazalith-types",
]

[[package]]
name = "lazalith-os"
version = "0.1.0"
dependencies = [
 "lazalith-cpu",
 "lazalith-devices",
 "lazalith-isa",
 "lazalith-machine",
 "lazalith-memory",
 "lazalith-os-abi",
 "lazalith-types",
]

[[package]]
name = "lazalith-os-abi"
version = "0.1.0"
dependencies = [
 "lazalith-types",
]

[[package]]
name = "lazalith-runtime"
version = "0.1.0"
dependencies = [
 "lazalith-boot",
 "lazalith-codegen",
 "lazalith-compiler",
 "lazalith-cpu",
 "lazalith-devices",
 "lazalith-isa",
 "lazalith-machine",
 "lazalith-memory",
 "lazalith-os",
 "lazalith-stdlib",
 "lazalith-toolchain",
 "lazalith-types",
 "lazalith-ui",
]

[[package]]
name = "lazalith-sdl3"
version = "0.1.0"
dependencies = [
 "pkg-config",
]

[[package]]
name = "lazalith-stdlib"
version = "0.1.0"
dependencies = [
 "lazalith-boot",
 "lazalith-devices",
 "lazalith-isa",
 "lazalith-os",
 "lazalith-runtime",
 "lazalith-types",
]

[[package]]
name = "lazalith-toolchain"
version = "0.1.0"
dependencies = [
 "lazalith-diagnostics",
 "lazalith-isa",
 "lazalith-os",
 "lazalith-os-abi",
 "lazalith-types",
]

[[package]]
name = "lazalith-types"
version = "0.1.0"

[[package]]
name = "lazalith-ui"
version = "0.1.0"
dependencies = [
 "lazalith-boot",
 "lazalith-cpu",
 "lazalith-devices",
 "lazalith-isa",
 "lazalith-os",
 "lazalith-runtime",
 "lazalith-types",
]

[[package]]
name = "pkg-config"
version = "0.3.34"
source = "registry+https://github.com/rust-lang/crates.io-index"
checksum = "f6b464fbc74e149a392436b17d523f769e057cb6877f6a5c4618bc6f11800548"
