# This file is automatically @generated by Cargo.
# It is not intended for manual editing.
version = 4

[[package]]
name = "lazalith-cpu"
version = "0.1.0"
dependencies = [
 "lazalith-isa",
 "lazalith-types",
]

[[package]]
name = "lazalith-devices"
version = "0.1.0"
dependencies = [
 "lazalith-isa",
 "lazalith-types",
]

[[package]]
name = "lazalith-diagnostics"
version = "0.1.0"
dependencies = [
 "lazalith-types",
]

[[package]]
name = "lazalith-isa"
version = "0.1.0"
dependencies = [
 "lazalith-diagnostics",
 "lazalith-types",
]

[[package]]
name = "lazalith-machine"
version = "0.1.0"
dependencies = [
 "lazalith-cpu",
 "lazalith-devices",
 "lazalith-isa",
 "lazalith-memory",
 "lazalith-types",
]

[[package]]
name = "lazalith-memory"
version = "0.1.0"
dependencies = [
 "lazalith-cpu",
 "lazalith-devices",
 "lazalith-diagnostics",
 "lazalith-isa",
 "lazalith-types",
]

[[package]]
name = "lazalith-types"
version = "0.1.0"
